// !$*UTF8*$!
{
	archiveVersion = 1;
	classes = {
	};
	objectVersion = 56;
	objects = {

/* Begin PBXBuildFile section */
		853A3C692C1F5EEF0042A0A4 /* Accessible_NewsApp.swift in Sources */ = {isa = PBXBuildFile; fileRef = 853A3C682C1F5EEF0042A0A4 /* Accessible_NewsApp.swift */; };
		853A3C6B2C1F5EEF0042A0A4 /* NewsListView.swift in Sources */ = {isa = PBXBuildFile; fileRef = 853A3C6A2C1F5EEF0042A0A4 /* NewsListView.swift */; };
		853A3C6D2C1F5EF10042A0A4 /* Assets.xcassets in Resources */ = {isa = PBXBuildFile; fileRef = 853A3C6C2C1F5EF10042A0A4 /* Assets.xcassets */; };
		853A3C702C1F5EF10042A0A4 /* Preview Assets.xcassets in Resources */ = {isa = PBXBuildFile; fileRef = 853A3C6F2C1F5EF10042A0A4 /* Preview Assets.xcassets */; };
		853A3C772C1F5EFD0042A0A4 /* NewsModel.swift in Sources */ = {isa = PBXBuildFile; fileRef = 853A3C762C1F5EFD0042A0A4 /* NewsModel.swift */; };
		853A3C7B2C1F5F4B0042A0A4 /* SimpleNetworking in Frameworks */ = {isa = PBXBuildFile; productRef = 853A3C7A2C1F5F4B0042A0A4 /* SimpleNetworking */; };
		853A3C832C1F60F50042A0A4 /* NewsListVM.swift in Sources */ = {isa = PBXBuildFile; fileRef = 853A3C822C1F60F50042A0A4 /* NewsListVM.swift */; };
		853A3C852C1F69F80042A0A4 /* NewsTableViewCell.swift in Sources */ = {isa = PBXBuildFile; fileRef = 853A3C842C1F69F80042A0A4 /* NewsTableViewCell.swift */; };
		853A3C882C1FAFCC0042A0A4 /* NewsDetailViewController.swift in Sources */ = {isa = PBXBuildFile; fileRef = 853A3C872C1FAFCC0042A0A4 /* NewsDetailViewController.swift */; };
		853A3C8A2C1FB00C0042A0A4 /* NewsDetailVM.swift in Sources */ = {isa = PBXBuildFile; fileRef = 853A3C892C1FB00C0042A0A4 /* NewsDetailVM.swift */; };
		853A3C8F2C20A6710042A0A4 /* UIApplication.swift in Sources */ = {isa = PBXBuildFile; fileRef = 853A3C8E2C20A6710042A0A4 /* UIApplication.swift */; };
		853A3C912C20A69D0042A0A4 /* Represantable.swift in Sources */ = {isa = PBXBuildFile; fileRef = 853A3C902C20A69D0042A0A4 /* Represantable.swift */; };
/* End PBXBuildFile section */

/* Begin PBXFileReference section */
		853A3C652C1F5EEF0042A0A4 /* Accessible News.app */ = {isa = PBXFileReference; explicitFileType = wrapper.application; includeInIndex = 0; path = "Accessible News.app"; sourceTree = BUILT_PRODUCTS_DIR; };
		853A3C682C1F5EEF0042A0A4 /* Accessible_NewsApp.swift */ = {isa = PBXFileReference; lastKnownFileType = sourcecode.swift; path = Accessible_NewsApp.swift; sourceTree = "<group>"; };
		853A3C6A2C1F5EEF0042A0A4 /* NewsListView.swift */ = {isa = PBXFileReference; lastKnownFileType = sourcecode.swift; path = NewsListView.swift; sourceTree = "<group>"; };
		853A3C6C2C1F5EF10042A0A4 /* Assets.xcassets */ = {isa = PBXFileReference; lastKnownFileType = folder.assetcatalog; path = Assets.xcassets; sourceTree = "<group>"; };
		853A3C6F2C1F5EF10042A0A4 /* Preview Assets.xcassets */ = {isa = PBXFileReference; lastKnownFileType = folder.assetcatalog; path = "Preview Assets.xcassets"; sourceTree = "<group>"; };
		853A3C762C1F5EFD0042A0A4 /* NewsModel.swift */ = {isa = PBXFileReference; lastKnownFileType = sourcecode.swift; path = NewsModel.swift; sourceTree = "<group>"; };
		853A3C822C1F60F50042A0A4 /* NewsListVM.swift */ = {isa = PBXFileReference; lastKnownFileType = sourcecode.swift; path = NewsListVM.swift; sourceTree = "<group>"; };
		853A3C842C1F69F80042A0A4 /* NewsTableViewCell.swift */ = {isa = PBXFileReference; lastKnownFileType = sourcecode.swift; path = NewsTableViewCell.swift; sourceTree = "<group>"; };
		853A3C872C1FAFCC0042A0A4 /* NewsDetailViewController.swift */ = {isa = PBXFileReference; lastKnownFileType = sourcecode.swift; path = NewsDetailViewController.swift; sourceTree = "<group>"; };
		853A3C892C1FB00C0042A0A4 /* NewsDetailVM.swift */ = {isa = PBXFileReference; lastKnownFileType = sourcecode.swift; path = NewsDetailVM.swift; sourceTree = "<group>"; };
		853A3C8E2C20A6710042A0A4 /* UIApplication.swift */ = {isa = PBXFileReference; lastKnownFileType = sourcecode.swift; path = UIApplication.swift; sourceTree = "<group>"; };
		853A3C902C20A69D0042A0A4 /* Represantable.swift */ = {isa = PBXFileReference; lastKnownFileType = sourcecode.swift; path = Represantable.swift; sourceTree = "<group>"; };
/* End PBXFileReference section */

/* Begin PBXFrameworksBuildPhase section */
		853A3C622C1F5EEF0042A0A4 /* Frameworks */ = {
			isa = PBXFrameworksBuildPhase;
			buildActionMask = 2147483647;
			files = (
				853A3C7B2C1F5F4B0042A0A4 /* SimpleNetworking in Frameworks */,
			);
			runOnlyForDeploymentPostprocessing = 0;
		};
/* End PBXFrameworksBuildPhase section */

/* Begin PBXGroup section */
		853A3C5C2C1F5EEF0042A0A4 = {
			isa = PBXGroup;
			children = (
				853A3C672C1F5EEF0042A0A4 /* Accessible News */,
				853A3C662C1F5EEF0042A0A4 /* Products */,
			);
			sourceTree = "<group>";
		};
		853A3C662C1F5EEF0042A0A4 /* Products */ = {
			isa = PBXGroup;
			children = (
				853A3C652C1F5EEF0042A0A4 /* Accessible News.app */,
			);
			name = Products;
			sourceTree = "<group>";
		};
		853A3C672C1F5EEF0042A0A4 /* Accessible News */ = {
			isa = PBXGroup;
			children = (
				853A3C7F2C1F5FC70042A0A4 /* Assets */,
				853A3C7C2C1F5FAC0042A0A4 /* Application */,
				853A3C782C1F5EFF0042A0A4 /* Model */,
				853A3C7E2C1F5FBB0042A0A4 /* Scenes */,
				853A3C6E2C1F5EF10042A0A4 /* Preview Content */,
			);
			path = "Accessible News";
			sourceTree = "<group>";
		};
		853A3C6E2C1F5EF10042A0A4 /* Preview Content */ = {
			isa = PBXGroup;
			children = (
				853A3C6F2C1F5EF10042A0A4 /* Preview Assets.xcassets */,
			);
			path = "Preview Content";
			sourceTree = "<group>";
		};
		853A3C782C1F5EFF0042A0A4 /* Model */ = {
			isa = PBXGroup;
			children = (
				853A3C762C1F5EFD0042A0A4 /* NewsModel.swift */,
			);
			path = Model;
			sourceTree = "<group>";
		};
		853A3C7C2C1F5FAC0042A0A4 /* Application */ = {
			isa = PBXGroup;
			children = (
				853A3C682C1F5EEF0042A0A4 /* Accessible_NewsApp.swift */,
				853A3C8E2C20A6710042A0A4 /* UIApplication.swift */,
			);
			path = Application;
			sourceTree = "<group>";
		};
		853A3C7E2C1F5FBB0042A0A4 /* Scenes */ = {
			isa = PBXGroup;
			children = (
				853A3C802C1F5FD20042A0A4 /* News List */,
				853A3C812C1F5FD80042A0A4 /* Detail News  */,
			);
			path = Scenes;
			sourceTree = "<group>";
		};
		853A3C7F2C1F5FC70042A0A4 /* Assets */ = {
			isa = PBXGroup;
			children = (
				853A3C6C2C1F5EF10042A0A4 /* Assets.xcassets */,
			);
			path = Assets;
			sourceTree = "<group>";
		};
		853A3C802C1F5FD20042A0A4 /* News List */ = {
			isa = PBXGroup;
			children = (
				853A3C6A2C1F5EEF0042A0A4 /* NewsListView.swift */,
				853A3C822C1F60F50042A0A4 /* NewsListVM.swift */,
				853A3C8B2C206C670042A0A4 /* Table View */,
			);
			path = "News List";
			sourceTree = "<group>";
		};
		853A3C812C1F5FD80042A0A4 /* Detail News  */ = {
			isa = PBXGroup;
			children = (
				853A3C872C1FAFCC0042A0A4 /* NewsDetailViewController.swift */,
				853A3C892C1FB00C0042A0A4 /* NewsDetailVM.swift */,
			);
			path = "Detail News ";
			sourceTree = "<group>";
		};
		853A3C8B2C206C670042A0A4 /* Table View */ = {
			isa = PBXGroup;
			children = (
				853A3C842C1F69F80042A0A4 /* NewsTableViewCell.swift */,
				853A3C902C20A69D0042A0A4 /* Represantable.swift */,
			);
			path = "Table View";
			sourceTree = "<group>";
		};
/* End PBXGroup section */

/* Begin PBXNativeTarget section */
		853A3C642C1F5EEF0042A0A4 /* Accessible News */ = {
			isa = PBXNativeTarget;
			buildConfigurationList = 853A3C732C1F5EF10042A0A4 /* Build configuration list for PBXNativeTarget "Accessible News" */;
			buildPhases = (
				853A3C612C1F5EEF0042A0A4 /* Sources */,
				853A3C622C1F5EEF0042A0A4 /* Frameworks */,
				853A3C632C1F5EEF0042A0A4 /* Resources */,
			);
			buildRules = (
			);
			dependencies = (
			);
			name = "Accessible News";
			packageProductDependencies = (
				853A3C7A2C1F5F4B0042A0A4 /* SimpleNetworking */,
			);
			productName = "Accessible News";
			productReference = 853A3C652C1F5EEF0042A0A4 /* Accessible News.app */;
			productType = "com.apple.product-type.application";
		};
/* End PBXNativeTarget section */

/* Begin PBXProject section */
		853A3C5D2C1F5EEF0042A0A4 /* Project object */ = {
			isa = PBXProject;
			attributes = {
				BuildIndependentTargetsInParallel = 1;
				LastSwiftUpdateCheck = 1530;
				LastUpgradeCheck = 1530;
				TargetAttributes = {
					853A3C642C1F5EEF0042A0A4 = {
						CreatedOnToolsVersion = 15.3;
					};
				};
			};
			buildConfigurationList = 853A3C602C1F5EEF0042A0A4 /* Build configuration list for PBXProject "Accessible News" */;
			compatibilityVersion = "Xcode 14.0";
			developmentRegion = en;
			hasScannedForEncodings = 0;
			knownRegions = (
				en,
				Base,
			);
			mainGroup = 853A3C5C2C1F5EEF0042A0A4;
			packageReferences = (
				853A3C792C1F5F4B0042A0A4 /* XCRemoteSwiftPackageReference "SimpleNetworking" */,
			);
			productRefGroup = 853A3C662C1F5EEF0042A0A4 /* Products */;
			projectDirPath = "";
			projectRoot = "";
			targets = (
				853A3C642C1F5EEF0042A0A4 /* Accessible News */,
			);
		};
/* End PBXProject section */

/* Begin PBXResourcesBuildPhase section */
		853A3C632C1F5EEF0042A0A4 /* Resources */ = {
			isa = PBXResourcesBuildPhase;
			buildActionMask = 2147483647;
			files = (
				853A3C702C1F5EF10042A0A4 /* Preview Assets.xcassets in Resources */,
				853A3C6D2C1F5EF10042A0A4 /* Assets.xcassets in Resources */,
			);
			runOnlyForDeploymentPostprocessing = 0;
		};
/* End PBXResourcesBuildPhase section */

/* Begin PBXSourcesBuildPhase section */
		853A3C612C1F5EEF0042A0A4 /* Sources */ = {
			isa = PBXSourcesBuildPhase;
			buildActionMask = 2147483647;
			files = (
				853A3C8F2C20A6710042A0A4 /* UIApplication.swift in Sources */,
				853A3C8A2C1FB00C0042A0A4 /* NewsDetailVM.swift in Sources */,
				853A3C882C1FAFCC0042A0A4 /* NewsDetailViewController.swift in Sources */,
				853A3C772C1F5EFD0042A0A4 /* NewsModel.swift in Sources */,
				853A3C6B2C1F5EEF0042A0A4 /* NewsListView.swift in Sources */,
				853A3C852C1F69F80042A0A4 /* NewsTableViewCell.swift in Sources */,
				853A3C912C20A69D0042A0A4 /* Represantable.swift in Sources */,
				853A3C692C1F5EEF0042A0A4 /* Accessible_NewsApp.swift in Sources */,
				853A3C832C1F60F50042A0A4 /* NewsListVM.swift in Sources */,
			);
			runOnlyForDeploymentPostprocessing = 0;
		};
/* End PBXSourcesBuildPhase section */

/* Begin XCBuildConfiguration section */
		853A3C712C1F5EF10042A0A4 /* Debug */ = {
			isa = XCBuildConfiguration;
			buildSettings = {
				ALWAYS_SEARCH_USER_PATHS = NO;
				ASSETCATALOG_COMPILER_GENERATE_SWIFT_ASSET_SYMBOL_EXTENSIONS = YES;
				CLANG_ANALYZER_NONNULL = YES;
				CLANG_ANALYZER_NUMBER_OBJECT_CONVERSION = YES_AGGRESSIVE;
				CLANG_CXX_LANGUAGE_STANDARD = "gnu++20";
				CLANG_ENABLE_MODULES = YES;
				CLANG_ENABLE_OBJC_ARC = YES;
				CLANG_ENABLE_OBJC_WEAK = YES;
				CLANG_WARN_BLOCK_CAPTURE_AUTORELEASING = YES;
				CLANG_WARN_BOOL_CONVERSION = YES;
				CLANG_WARN_COMMA = YES;
				CLANG_WARN_CONSTANT_CONVERSION = YES;
				CLANG_WARN_DEPRECATED_OBJC_IMPLEMENTATIONS = YES;
				CLANG_WARN_DIRECT_OBJC_ISA_USAGE = YES_ERROR;
				CLANG_WARN_DOCUMENTATION_COMMENTS = YES;
				CLANG_WARN_EMPTY_BODY = YES;
				CLANG_WARN_ENUM_CONVERSION = YES;
				CLANG_WARN_INFINITE_RECURSION = YES;
				CLANG_WARN_INT_CONVERSION = YES;
				CLANG_WARN_NON_LITERAL_NULL_CONVERSION = YES;
				CLANG_WARN_OBJC_IMPLICIT_RETAIN_SELF = YES;
				CLANG_WARN_OBJC_LITERAL_CONVERSION = YES;
				CLANG_WARN_OBJC_ROOT_CLASS = YES_ERROR;
				CLANG_WARN_QUOTED_INCLUDE_IN_FRAMEWORK_HEADER = YES;
				CLANG_WARN_RANGE_LOOP_ANALYSIS = YES;
				CLANG_WARN_STRICT_PROTOTYPES = YES;
				CLANG_WARN_SUSPICIOUS_MOVE = YES;
				CLANG_WARN_UNGUARDED_AVAILABILITY = YES_AGGRESSIVE;
				CLANG_WARN_UNREACHABLE_CODE = YES;
				CLANG_WARN__DUPLICATE_METHOD_MATCH = YES;
				COPY_PHASE_STRIP = NO;
				DEBUG_INFORMATION_FORMAT = dwarf;
				ENABLE_STRICT_OBJC_MSGSEND = YES;
				ENABLE_TESTABILITY = YES;
				ENABLE_USER_SCRIPT_SANDBOXING = YES;
				GCC_C_LANGUAGE_STANDARD = gnu17;
				GCC_DYNAMIC_NO_PIC = NO;
				GCC_NO_COMMON_BLOCKS = YES;
				GCC_OPTIMIZATION_LEVEL = 0;
				GCC_PREPROCESSOR_DEFINITIONS = (
					"DEBUG=1",
					"$(inherited)",
				);
				GCC_WARN_64_TO_32_BIT_CONVERSION = YES;
				GCC_WARN_ABOUT_RETURN_TYPE = YES_ERROR;
				GCC_WARN_UNDECLARED_SELECTOR = YES;
				GCC_WARN_UNINITIALIZED_AUTOS = YES_AGGRESSIVE;
				GCC_WARN_UNUSED_FUNCTION = YES;
				GCC_WARN_UNUSED_VARIABLE = YES;
				IPHONEOS_DEPLOYMENT_TARGET = 17.4;
				LOCALIZATION_PREFERS_STRING_CATALOGS = YES;
				MTL_ENABLE_DEBUG_INFO = INCLUDE_SOURCE;
				MTL_FAST_MATH = YES;
				ONLY_ACTIVE_ARCH = YES;
				SDKROOT = iphoneos;
				SWIFT_ACTIVE_COMPILATION_CONDITIONS = "DEBUG $(inherited)";
				SWIFT_OPTIMIZATION_LEVEL = "-Onone";
			};
			name = Debug;
		};
		853A3C722C1F5EF10042A0A4 /* Release */ = {
			isa = XCBuildConfiguration;
			buildSettings = {
				ALWAYS_SEARCH_USER_PATHS = NO;
				ASSETCATALOG_COMPILER_GENERATE_SWIFT_ASSET_SYMBOL_EXTENSIONS = YES;
				CLANG_ANALYZER_NONNULL = YES;
				CLANG_ANALYZER_NUMBER_OBJECT_CONVERSION = YES_AGGRESSIVE;
				CLANG_CXX_LANGUAGE_STANDARD = "gnu++20";
				CLANG_ENABLE_MODULES = YES;
				CLANG_ENABLE_OBJC_ARC = YES;
				CLANG_ENABLE_OBJC_WEAK = YES;
				CLANG_WARN_BLOCK_CAPTURE_AUTORELEASING = YES;
				CLANG_WARN_BOOL_CONVERSION = YES;
				CLANG_WARN_COMMA = YES;
				CLANG_WARN_CONSTANT_CONVERSION = YES;
				CLANG_WARN_DEPRECATED_OBJC_IMPLEMENTATIONS = YES;
				CLANG_WARN_DIRECT_OBJC_ISA_USAGE = YES_ERROR;
				CLANG_WARN_DOCUMENTATION_COMMENTS = YES;
				CLANG_WARN_EMPTY_BODY = YES;
				CLANG_WARN_ENUM_CONVERSION = YES;
				CLANG_WARN_INFINITE_RECURSION = YES;
				CLANG_WARN_INT_CONVERSION = YES;
				CLANG_WARN_NON_LITERAL_NULL_CONVERSION = YES;
				CLANG_WARN_OBJC_IMPLICIT_RETAIN_SELF = YES;
				CLANG_WARN_OBJC_LITERAL_CONVERSION = YES;
				CLANG_WARN_OBJC_ROOT_CLASS = YES_ERROR;
				CLANG_WARN_QUOTED_INCLUDE_IN_FRAMEWORK_HEADER = YES;
				CLANG_WARN_RANGE_LOOP_ANALYSIS = YES;
				CLANG_WARN_STRICT_PROTOTYPES = YES;
				CLANG_WARN_SUSPICIOUS_MOVE = YES;
				CLANG_WARN_UNGUARDED_AVAILABILITY = YES_AGGRESSIVE;
				CLANG_WARN_UNREACHABLE_CODE = YES;
				CLANG_WARN__DUPLICATE_METHOD_MATCH = YES;
				COPY_PHASE_STRIP = NO;
				DEBUG_INFORMATION_FORMAT = "dwarf-with-dsym";
				ENABLE_NS_ASSERTIONS = NO;
				ENABLE_STRICT_OBJC_MSGSEND = YES;
				ENABLE_USER_SCRIPT_SANDBOXING = YES;
				GCC_C_LANGUAGE_STANDARD = gnu17;
				GCC_NO_COMMON_BLOCKS = YES;
				GCC_WARN_64_TO_32_BIT_CONVERSION = YES;
				GCC_WARN_ABOUT_RETURN_TYPE = YES_ERROR;
				GCC_WARN_UNDECLARED_SELECTOR = YES;
				GCC_WARN_UNINITIALIZED_AUTOS = YES_AGGRESSIVE;
				GCC_WARN_UNUSED_FUNCTION = YES;
				GCC_WARN_UNUSED_VARIABLE = YES;
				IPHONEOS_DEPLOYMENT_TARGET = 17.4;
				LOCALIZATION_PREFERS_STRING_CATALOGS = YES;
				MTL_ENABLE_DEBUG_INFO = NO;
				MTL_FAST_MATH = YES;
				SDKROOT = iphoneos;
				SWIFT_COMPILATION_MODE = wholemodule;
				VALIDATE_PRODUCT = YES;
			};
			name = Release;
		};
		853A3C742C1F5EF10042A0A4 /* Debug */ = {
			isa = XCBuildConfiguration;
			buildSettings = {
				ASSETCATALOG_COMPILER_APPICON_NAME = AppIcon;
				ASSETCATALOG_COMPILER_GLOBAL_ACCENT_COLOR_NAME = AccentColor;
				CODE_SIGN_STYLE = Automatic;
				CURRENT_PROJECT_VERSION = 1;
				DEVELOPMENT_ASSET_PATHS = "\"Accessible News/Preview Content\"";
				DEVELOPMENT_TEAM = 9S26B8AV5C;
				ENABLE_PREVIEWS = YES;
				GENERATE_INFOPLIST_FILE = YES;
				INFOPLIST_KEY_UIApplicationSceneManifest_Generation = YES;
				INFOPLIST_KEY_UIApplicationSupportsIndirectInputEvents = YES;
				INFOPLIST_KEY_UILaunchScreen_Generation = YES;
				INFOPLIST_KEY_UISupportedInterfaceOrientations_iPad = "UIInterfaceOrientationPortrait UIInterfaceOrientationPortraitUpsideDown UIInterfaceOrientationLandscapeLeft UIInterfaceOrientationLandscapeRight";
				INFOPLIST_KEY_UISupportedInterfaceOrientations_iPhone = "UIInterfaceOrientationPortrait UIInterfaceOrientationLandscapeLeft UIInterfaceOrientationLandscapeRight";
				LD_RUNPATH_SEARCH_PATHS = (
					"$(inherited)",
					"@executable_path/Frameworks",
				);
				MARKETING_VERSION = 1.0;
				PRODUCT_BUNDLE_IDENTIFIER = "com.yvelazeMagariKompania.ge.Accessible-News";
				PRODUCT_NAME = "$(TARGET_NAME)";
				SWIFT_EMIT_LOC_STRINGS = YES;
				SWIFT_VERSION = 5.0;
				TARGETED_DEVICE_FAMILY = "1,2";
			};
			name = Debug;
		};
		853A3C752C1F5EF10042A0A4 /* Release */ = {
			isa = XCBuildConfiguration;
			buildSettings = {
				ASSETCATALOG_COMPILER_APPICON_NAME = AppIcon;
				ASSETCATALOG_COMPILER_GLOBAL_ACCENT_COLOR_NAME = AccentColor;
				CODE_SIGN_STYLE = Automatic;
				CURRENT_PROJECT_VERSION = 1;
				DEVELOPMENT_ASSET_PATHS = "\"Accessible News/Preview Content\"";
				DEVELOPMENT_TEAM = 9S26B8AV5C;
				ENABLE_PREVIEWS = YES;
				GENERATE_INFOPLIST_FILE = YES;
				INFOPLIST_KEY_UIApplicationSceneManifest_Generation = YES;
				INFOPLIST_KEY_UIApplicationSupportsIndirectInputEvents = YES;
				INFOPLIST_KEY_UILaunchScreen_Generation = YES;
				INFOPLIST_KEY_UISupportedInterfaceOrientations_iPad = "UIInterfaceOrientationPortrait UIInterfaceOrientationPortraitUpsideDown UIInterfaceOrientationLandscapeLeft UIInterfaceOrientationLandscapeRight";
				INFOPLIST_KEY_UISupportedInterfaceOrientations_iPhone = "UIInterfaceOrientationPortrait UIInterfaceOrientationLandscapeLeft UIInterfaceOrientationLandscapeRight";
				LD_RUNPATH_SEARCH_PATHS = (
					"$(inherited)",
					"@executable_path/Frameworks",
				);
				MARKETING_VERSION = 1.0;
				PRODUCT_BUNDLE_IDENTIFIER = "com.yvelazeMagariKompania.ge.Accessible-News";
				PRODUCT_NAME = "$(TARGET_NAME)";
				SWIFT_EMIT_LOC_STRINGS = YES;
				SWIFT_VERSION = 5.0;
				TARGETED_DEVICE_FAMILY = "1,2";
			};
			name = Release;
		};
/* End XCBuildConfiguration section */

/* Begin XCConfigurationList section */
		853A3C602C1F5EEF0042A0A4 /* Build configuration list for PBXProject "Accessible News" */ = {
			isa = XCConfigurationList;
			buildConfigurations = (
				853A3C712C1F5EF10042A0A4 /* Debug */,
				853A3C722C1F5EF10042A0A4 /* Release */,
			);
			defaultConfigurationIsVisible = 0;
			defaultConfigurationName = Release;
		};
		853A3C732C1F5EF10042A0A4 /* Build configuration list for PBXNativeTarget "Accessible News" */ = {
			isa = XCConfigurationList;
			buildConfigurations = (
				853A3C742C1F5EF10042A0A4 /* Debug */,
				853A3C752C1F5EF10042A0A4 /* Release */,
			);
			defaultConfigurationIsVisible = 0;
			defaultConfigurationName = Release;
		};
/* End XCConfigurationList section */

/* Begin XCRemoteSwiftPackageReference section */
		853A3C792C1F5F4B0042A0A4 /* XCRemoteSwiftPackageReference "SimpleNetworking" */ = {
			isa = XCRemoteSwiftPackageReference;
			repositoryURL = "https://github.com/GujMeister/SimpleNetworking";
			requirement = {
				branch = main;
				kind = branch;
			};
		};
/* End XCRemoteSwiftPackageReference section */

/* Begin XCSwiftPackageProductDependency section */
		853A3C7A2C1F5F4B0042A0A4 /* SimpleNetworking */ = {
			isa = XCSwiftPackageProductDependency;
			package = 853A3C792C1F5F4B0042A0A4 /* XCRemoteSwiftPackageReference "SimpleNetworking" */;
			productName = SimpleNetworking;
		};
/* End XCSwiftPackageProductDependency section */
	};
	rootObject = 853A3C5D2C1F5EEF0042A0A4 /* Project object */;
}
